
Microsoft Visual Studio Solution File, Format Version 12.00
# Visual Studio Version 17
VisualStudioVersion = 17.7.34031.279
MinimumVisualStudioVersion = 10.0.40219.1
Project("{FAE04EC0-301F-11D3-BF4B-00C04F79EFBC}") = "ControllerTest", "ControllerTest.csproj", "{F98D2EE1-02B2-4EB6-96DC-E64B1A3B707E}"
EndProject
Global
	GlobalSection(SolutionConfigurationPlatforms) = preSolution
		Debug|Any CPU = Debug|Any CPU
		Release|Any CPU = Release|Any CPU
	EndGlobalSection
	GlobalSection(ProjectConfigurationPlatforms) = postSolution
		{F98D2EE1-02B2-4EB6-96DC-E64B1A3B707E}.Debug|Any CPU.ActiveCfg = Debug|Any CPU
		{F98D2EE1-02B2-4EB6-96DC-E64B1A3B707E}.Debug|Any CPU.Build.0 = Debug|Any CPU
		{F98D2EE1-02B2-4EB6-96DC-E64B1A3B707E}.Release|Any CPU.ActiveCfg = Release|Any CPU
		{F98D2EE1-02B2-4EB6-96DC-E64B1A3B707E}.Release|Any CPU.Build.0 = Release|Any CPU
	EndGlobalSection
	GlobalSection(SolutionProperties) = preSolution
		HideSolutionNode = FALSE
	EndGlobalSection
	GlobalSection(ExtensibilityGlobals) = postSolution
		SolutionGuid = {E945665F-174F-4462-AF10-CC017CCD16AC}
	EndGlobalSection
EndGlobal
